
Microsoft Visual Studio Solution File, Format Version 12.00
# Visual Studio Version 17
VisualStudioVersion = 17.7.34003.232
MinimumVisualStudioVersion = 10.0.40219.1
Project("{FAE04EC0-301F-11D3-BF4B-00C04F79EFBC}") = "Project2", "Project2.csproj", "{5501F8E6-D692-4FB9-80AD-261A4B8BD831}"
EndProject
Global
	GlobalSection(SolutionConfigurationPlatforms) = preSolution
		Debug|Any CPU = Debug|Any CPU
		Release|Any CPU = Release|Any CPU
	EndGlobalSection
	GlobalSection(ProjectConfigurationPlatforms) = postSolution
		{5501F8E6-D692-4FB9-80AD-261A4B8BD831}.Debug|Any CPU.ActiveCfg = Debug|Any CPU
		{5501F8E6-D692-4FB9-80AD-261A4B8BD831}.Debug|Any CPU.Build.0 = Debug|Any CPU
		{5501F8E6-D692-4FB9-80AD-261A4B8BD831}.Release|Any CPU.ActiveCfg = Release|Any CPU
		{5501F8E6-D692-4FB9-80AD-261A4B8BD831}.Release|Any CPU.Build.0 = Release|Any CPU
	EndGlobalSection
	GlobalSection(SolutionProperties) = preSolution
		HideSolutionNode = FALSE
	EndGlobalSection
	GlobalSection(ExtensibilityGlobals) = postSolution
		SolutionGuid = {5332847E-F97B-4C43-9BBD-D4C01F8A8896}
	EndGlobalSection
EndGlobal
